// !$*UTF8*$!
{
	archiveVersion = 1;
	classes = {
	};
	objectVersion = 56;
	objects = {

/* Begin PBXBuildFile section */
		4E2106472C98DB3F006215F9 /* CookbookApp.swift in Sources */ = {isa = PBXBuildFile; fileRef = 4E2106462C98DB3F006215F9 /* CookbookApp.swift */; };
		4E2106492C98DB3F006215F9 /* ContentView.swift in Sources */ = {isa = PBXBuildFile; fileRef = 4E2106482C98DB3F006215F9 /* ContentView.swift */; };
		4E21064B2C98DB41006215F9 /* Assets.xcassets in Resources */ = {isa = PBXBuildFile; fileRef = 4E21064A2C98DB41006215F9 /* Assets.xcassets */; };
		4E21064E2C98DB41006215F9 /* Preview Assets.xcassets in Resources */ = {isa = PBXBuildFile; fileRef = 4E21064D2C98DB41006215F9 /* Preview Assets.xcassets */; };
		4E2106622C98DB41006215F9 /* CookbookUITests.swift in Sources */ = {isa = PBXBuildFile; fileRef = 4E2106612C98DB41006215F9 /* CookbookUITests.swift */; };
		4E2106642C98DB41006215F9 /* CookbookUITestsLaunchTests.swift in Sources */ = {isa = PBXBuildFile; fileRef = 4E2106632C98DB41006215F9 /* CookbookUITestsLaunchTests.swift */; };
		4E2106742C9B1692006215F9 /* NetworkClient.swift in Sources */ = {isa = PBXBuildFile; fileRef = 4E2106732C9B1692006215F9 /* NetworkClient.swift */; };
		4E2106772C9B190E006215F9 /* MealDTO.swift in Sources */ = {isa = PBXBuildFile; fileRef = 4E2106762C9B190E006215F9 /* MealDTO.swift */; };
		4E2106792C9B1A4C006215F9 /* MealDetailDTO.swift in Sources */ = {isa = PBXBuildFile; fileRef = 4E2106782C9B1A4C006215F9 /* MealDetailDTO.swift */; };
		4E21067C2C9B6A3A006215F9 /* Meal.swift in Sources */ = {isa = PBXBuildFile; fileRef = 4E21067B2C9B6A3A006215F9 /* Meal.swift */; };
		4E21067F2C9B6BA1006215F9 /* MealDetail.swift in Sources */ = {isa = PBXBuildFile; fileRef = 4E21067E2C9B6BA1006215F9 /* MealDetail.swift */; };
		4E2106832C9B6C4E006215F9 /* PreviewMeal.swift in Sources */ = {isa = PBXBuildFile; fileRef = 4E2106822C9B6C4E006215F9 /* PreviewMeal.swift */; };
		4E2106852C9B6D81006215F9 /* MealList.swift in Sources */ = {isa = PBXBuildFile; fileRef = 4E2106842C9B6D81006215F9 /* MealList.swift */; };
		4E2106872C9B6F5C006215F9 /* MealListItem.swift in Sources */ = {isa = PBXBuildFile; fileRef = 4E2106862C9B6F5C006215F9 /* MealListItem.swift */; };
		4E21068C2C9B9A09006215F9 /* PreviewMealListItem.swift in Sources */ = {isa = PBXBuildFile; fileRef = 4E21068B2C9B9A09006215F9 /* PreviewMealListItem.swift */; };
		4E2106932C9C6BDE006215F9 /* MealService.swift in Sources */ = {isa = PBXBuildFile; fileRef = 4E2106922C9C6BDE006215F9 /* MealService.swift */; };
		4E27C83E2CA082D90024DEE1 /* MealServiceTests.swift in Sources */ = {isa = PBXBuildFile; fileRef = 4E27C83D2CA082D90024DEE1 /* MealServiceTests.swift */; };
		4E27C8412CA0BBDF0024DEE1 /* MockNetworkClient.swift in Sources */ = {isa = PBXBuildFile; fileRef = 4E27C8402CA0BBDF0024DEE1 /* MockNetworkClient.swift */; };
		4E27C8432CA0C0780024DEE1 /* MealDBEndpointTests.swift in Sources */ = {isa = PBXBuildFile; fileRef = 4E27C8422CA0C0780024DEE1 /* MealDBEndpointTests.swift */; };
		4E27C8492CA0C0D20024DEE1 /* MealDetailViewModelTests.swift in Sources */ = {isa = PBXBuildFile; fileRef = 4E27C8482CA0C0D20024DEE1 /* MealDetailViewModelTests.swift */; };
		4E27C84B2CA0C0DD0024DEE1 /* MealListViewModelTests.swift in Sources */ = {isa = PBXBuildFile; fileRef = 4E27C84A2CA0C0DD0024DEE1 /* MealListViewModelTests.swift */; };
		4E27C84D2CA0C0F00024DEE1 /* MockMealService.swift in Sources */ = {isa = PBXBuildFile; fileRef = 4E27C84C2CA0C0F00024DEE1 /* MockMealService.swift */; };
		4E27C8522CA0C8080024DEE1 /* StubError.swift in Sources */ = {isa = PBXBuildFile; fileRef = 4E27C8512CA0C8080024DEE1 /* StubError.swift */; };
		4E27C8542CA0D3680024DEE1 /* StubMeal.swift in Sources */ = {isa = PBXBuildFile; fileRef = 4E27C8532CA0D3680024DEE1 /* StubMeal.swift */; };
		4E27C8562CA0D3A00024DEE1 /* StubMealListItem.swift in Sources */ = {isa = PBXBuildFile; fileRef = 4E27C8552CA0D3A00024DEE1 /* StubMealListItem.swift */; };
		4E713F402C9DF814002B8550 /* MealDBEndpoint.swift in Sources */ = {isa = PBXBuildFile; fileRef = 4E713F3F2C9DF814002B8550 /* MealDBEndpoint.swift */; };
		4E713F4A2C9F4DF8002B8550 /* MealListViewModel.swift in Sources */ = {isa = PBXBuildFile; fileRef = 4E713F492C9F4DF8002B8550 /* MealListViewModel.swift */; };
		4E713F4C2C9F4E01002B8550 /* MealDetailViewModel.swift in Sources */ = {isa = PBXBuildFile; fileRef = 4E713F4B2C9F4E01002B8550 /* MealDetailViewModel.swift */; };
		4E713F4E2CA060D6002B8550 /* MealCategory.swift in Sources */ = {isa = PBXBuildFile; fileRef = 4E713F4D2CA060D6002B8550 /* MealCategory.swift */; };
/* End PBXBuildFile section */

/* Begin PBXContainerItemProxy section */
		4E2106542C98DB41006215F9 /* PBXContainerItemProxy */ = {
			isa = PBXContainerItemProxy;
			containerPortal = 4E21063B2C98DB3F006215F9 /* Project object */;
			proxyType = 1;
			remoteGlobalIDString = 4E2106422C98DB3F006215F9;
			remoteInfo = Cookbook;
		};
		4E21065E2C98DB41006215F9 /* PBXContainerItemProxy */ = {
			isa = PBXContainerItemProxy;
			containerPortal = 4E21063B2C98DB3F006215F9 /* Project object */;
			proxyType = 1;
			remoteGlobalIDString = 4E2106422C98DB3F006215F9;
			remoteInfo = Cookbook;
		};
/* End PBXContainerItemProxy section */

/* Begin PBXFileReference section */
		4E2106432C98DB3F006215F9 /* Cookbook.app */ = {isa = PBXFileReference; explicitFileType = wrapper.application; includeInIndex = 0; path = Cookbook.app; sourceTree = BUILT_PRODUCTS_DIR; };
		4E2106462C98DB3F006215F9 /* CookbookApp.swift */ = {isa = PBXFileReference; lastKnownFileType = sourcecode.swift; path = CookbookApp.swift; sourceTree = "<group>"; };
		4E2106482C98DB3F006215F9 /* ContentView.swift */ = {isa = PBXFileReference; lastKnownFileType = sourcecode.swift; path = ContentView.swift; sourceTree = "<group>"; };
		4E21064A2C98DB41006215F9 /* Assets.xcassets */ = {isa = PBXFileReference; lastKnownFileType = folder.assetcatalog; path = Assets.xcassets; sourceTree = "<group>"; };
		4E21064D2C98DB41006215F9 /* Preview Assets.xcassets */ = {isa = PBXFileReference; lastKnownFileType = folder.assetcatalog; path = "Preview Assets.xcassets"; sourceTree = "<group>"; };
		4E2106532C98DB41006215F9 /* CookbookTests.xctest */ = {isa = PBXFileReference; explicitFileType = wrapper.cfbundle; includeInIndex = 0; path = CookbookTests.xctest; sourceTree = BUILT_PRODUCTS_DIR; };
		4E21065D2C98DB41006215F9 /* CookbookUITests.xctest */ = {isa = PBXFileReference; explicitFileType = wrapper.cfbundle; includeInIndex = 0; path = CookbookUITests.xctest; sourceTree = BUILT_PRODUCTS_DIR; };
		4E2106612C98DB41006215F9 /* CookbookUITests.swift */ = {isa = PBXFileReference; lastKnownFileType = sourcecode.swift; path = CookbookUITests.swift; sourceTree = "<group>"; };
		4E2106632C98DB41006215F9 /* CookbookUITestsLaunchTests.swift */ = {isa = PBXFileReference; lastKnownFileType = sourcecode.swift; path = CookbookUITestsLaunchTests.swift; sourceTree = "<group>"; };
		4E2106732C9B1692006215F9 /* NetworkClient.swift */ = {isa = PBXFileReference; lastKnownFileType = sourcecode.swift; path = NetworkClient.swift; sourceTree = "<group>"; };
		4E2106762C9B190E006215F9 /* MealDTO.swift */ = {isa = PBXFileReference; lastKnownFileType = sourcecode.swift; path = MealDTO.swift; sourceTree = "<group>"; };
		4E2106782C9B1A4C006215F9 /* MealDetailDTO.swift */ = {isa = PBXFileReference; lastKnownFileType = sourcecode.swift; path = MealDetailDTO.swift; sourceTree = "<group>"; };
		4E21067B2C9B6A3A006215F9 /* Meal.swift */ = {isa = PBXFileReference; lastKnownFileType = sourcecode.swift; path = Meal.swift; sourceTree = "<group>"; };
		4E21067E2C9B6BA1006215F9 /* MealDetail.swift */ = {isa = PBXFileReference; lastKnownFileType = sourcecode.swift; path = MealDetail.swift; sourceTree = "<group>"; };
		4E2106822C9B6C4E006215F9 /* PreviewMeal.swift */ = {isa = PBXFileReference; lastKnownFileType = sourcecode.swift; path = PreviewMeal.swift; sourceTree = "<group>"; };
		4E2106842C9B6D81006215F9 /* MealList.swift */ = {isa = PBXFileReference; lastKnownFileType = sourcecode.swift; path = MealList.swift; sourceTree = "<group>"; };
		4E2106862C9B6F5C006215F9 /* MealListItem.swift */ = {isa = PBXFileReference; lastKnownFileType = sourcecode.swift; path = MealListItem.swift; sourceTree = "<group>"; };
		4E21068B2C9B9A09006215F9 /* PreviewMealListItem.swift */ = {isa = PBXFileReference; lastKnownFileType = sourcecode.swift; path = PreviewMealListItem.swift; sourceTree = "<group>"; };
		4E2106922C9C6BDE006215F9 /* MealService.swift */ = {isa = PBXFileReference; lastKnownFileType = sourcecode.swift; path = MealService.swift; sourceTree = "<group>"; };
		4E27C83D2CA082D90024DEE1 /* MealServiceTests.swift */ = {isa = PBXFileReference; lastKnownFileType = sourcecode.swift; path = MealServiceTests.swift; sourceTree = "<group>"; };
		4E27C8402CA0BBDF0024DEE1 /* MockNetworkClient.swift */ = {isa = PBXFileReference; lastKnownFileType = sourcecode.swift; path = MockNetworkClient.swift; sourceTree = "<group>"; };
		4E27C8422CA0C0780024DEE1 /* MealDBEndpointTests.swift */ = {isa = PBXFileReference; lastKnownFileType = sourcecode.swift; path = MealDBEndpointTests.swift; sourceTree = "<group>"; };
		4E27C8482CA0C0D20024DEE1 /* MealDetailViewModelTests.swift */ = {isa = PBXFileReference; lastKnownFileType = sourcecode.swift; path = MealDetailViewModelTests.swift; sourceTree = "<group>"; };
		4E27C84A2CA0C0DD0024DEE1 /* MealListViewModelTests.swift */ = {isa = PBXFileReference; lastKnownFileType = sourcecode.swift; path = MealListViewModelTests.swift; sourceTree = "<group>"; };
		4E27C84C2CA0C0F00024DEE1 /* MockMealService.swift */ = {isa = PBXFileReference; lastKnownFileType = sourcecode.swift; path = MockMealService.swift; sourceTree = "<group>"; };
		4E27C8512CA0C8080024DEE1 /* StubError.swift */ = {isa = PBXFileReference; lastKnownFileType = sourcecode.swift; path = StubError.swift; sourceTree = "<group>"; };
		4E27C8532CA0D3680024DEE1 /* StubMeal.swift */ = {isa = PBXFileReference; lastKnownFileType = sourcecode.swift; path = StubMeal.swift; sourceTree = "<group>"; };
		4E27C8552CA0D3A00024DEE1 /* StubMealListItem.swift */ = {isa = PBXFileReference; lastKnownFileType = sourcecode.swift; path = StubMealListItem.swift; sourceTree = "<group>"; };
		4E27C85A2CA0EA4C0024DEE1 /* CookbookUnitTests.xctestplan */ = {isa = PBXFileReference; lastKnownFileType = text; name = CookbookUnitTests.xctestplan; path = Cookbook.xcodeproj/CookbookUnitTests.xctestplan; sourceTree = "<group>"; };
		4E713F3F2C9DF814002B8550 /* MealDBEndpoint.swift */ = {isa = PBXFileReference; lastKnownFileType = sourcecode.swift; path = MealDBEndpoint.swift; sourceTree = "<group>"; };
		4E713F492C9F4DF8002B8550 /* MealListViewModel.swift */ = {isa = PBXFileReference; lastKnownFileType = sourcecode.swift; path = MealListViewModel.swift; sourceTree = "<group>"; };
		4E713F4B2C9F4E01002B8550 /* MealDetailViewModel.swift */ = {isa = PBXFileReference; lastKnownFileType = sourcecode.swift; path = MealDetailViewModel.swift; sourceTree = "<group>"; };
		4E713F4D2CA060D6002B8550 /* MealCategory.swift */ = {isa = PBXFileReference; lastKnownFileType = sourcecode.swift; path = MealCategory.swift; sourceTree = "<group>"; };
/* End PBXFileReference section */

/* Begin PBXFrameworksBuildPhase section */
		4E2106402C98DB3F006215F9 /* Frameworks */ = {
			isa = PBXFrameworksBuildPhase;
			buildActionMask = 2147483647;
			files = (
			);
			runOnlyForDeploymentPostprocessing = 0;
		};
		4E2106502C98DB41006215F9 /* Frameworks */ = {
			isa = PBXFrameworksBuildPhase;
			buildActionMask = 2147483647;
			files = (
			);
			runOnlyForDeploymentPostprocessing = 0;
		};
		4E21065A2C98DB41006215F9 /* Frameworks */ = {
			isa = PBXFrameworksBuildPhase;
			buildActionMask = 2147483647;
			files = (
			);
			runOnlyForDeploymentPostprocessing = 0;
		};
/* End PBXFrameworksBuildPhase section */

/* Begin PBXGroup section */
		4E21063A2C98DB3F006215F9 = {
			isa = PBXGroup;
			children = (
				4E27C85A2CA0EA4C0024DEE1 /* CookbookUnitTests.xctestplan */,
				4E2106452C98DB3F006215F9 /* Cookbook */,
				4E2106562C98DB41006215F9 /* CookbookTests */,
				4E2106602C98DB41006215F9 /* CookbookUITests */,
				4E2106442C98DB3F006215F9 /* Products */,
			);
			sourceTree = "<group>";
		};
		4E2106442C98DB3F006215F9 /* Products */ = {
			isa = PBXGroup;
			children = (
				4E2106432C98DB3F006215F9 /* Cookbook.app */,
				4E2106532C98DB41006215F9 /* CookbookTests.xctest */,
				4E21065D2C98DB41006215F9 /* CookbookUITests.xctest */,
			);
			name = Products;
			sourceTree = "<group>";
		};
		4E2106452C98DB3F006215F9 /* Cookbook */ = {
			isa = PBXGroup;
			children = (
				4E2106462C98DB3F006215F9 /* CookbookApp.swift */,
				4E2106482C98DB3F006215F9 /* ContentView.swift */,
				4E21064A2C98DB41006215F9 /* Assets.xcassets */,
				4E21067A2C9B6A1C006215F9 /* Models */,
				4E2106712C9B14DE006215F9 /* Networking */,
				4E21064C2C98DB41006215F9 /* Preview Content */,
				4E2106912C9C6BBB006215F9 /* Services */,
				4E21067D2C9B6B84006215F9 /* Views */,
			);
			path = Cookbook;
			sourceTree = "<group>";
		};
		4E21064C2C98DB41006215F9 /* Preview Content */ = {
			isa = PBXGroup;
			children = (
				4E2106812C9B6C37006215F9 /* Models */,
				4E21064D2C98DB41006215F9 /* Preview Assets.xcassets */,
			);
			path = "Preview Content";
			sourceTree = "<group>";
		};
		4E2106562C98DB41006215F9 /* CookbookTests */ = {
			isa = PBXGroup;
			children = (
				4E27C8442CA0C07B0024DEE1 /* Endpoints */,
				4E27C83F2CA0BBD50024DEE1 /* Mocks */,
				4E27C83C2CA082C90024DEE1 /* Services */,
				4E27C8502CA0C7F70024DEE1 /* Stubs */,
				4E27C8452CA0C0AE0024DEE1 /* Views */,
			);
			path = CookbookTests;
			sourceTree = "<group>";
		};
		4E2106602C98DB41006215F9 /* CookbookUITests */ = {
			isa = PBXGroup;
			children = (
				4E2106612C98DB41006215F9 /* CookbookUITests.swift */,
				4E2106632C98DB41006215F9 /* CookbookUITestsLaunchTests.swift */,
			);
			path = CookbookUITests;
			sourceTree = "<group>";
		};
		4E2106712C9B14DE006215F9 /* Networking */ = {
			isa = PBXGroup;
			children = (
				4E713F3E2C9DF80A002B8550 /* Endpoints */,
				4E2106752C9B18B2006215F9 /* DTOs */,
				4E2106732C9B1692006215F9 /* NetworkClient.swift */,
			);
			path = Networking;
			sourceTree = "<group>";
		};
		4E2106752C9B18B2006215F9 /* DTOs */ = {
			isa = PBXGroup;
			children = (
				4E2106762C9B190E006215F9 /* MealDTO.swift */,
				4E2106782C9B1A4C006215F9 /* MealDetailDTO.swift */,
			);
			path = DTOs;
			sourceTree = "<group>";
		};
		4E21067A2C9B6A1C006215F9 /* Models */ = {
			isa = PBXGroup;
			children = (
				4E21067B2C9B6A3A006215F9 /* Meal.swift */,
				4E713F4D2CA060D6002B8550 /* MealCategory.swift */,
				4E2106862C9B6F5C006215F9 /* MealListItem.swift */,
			);
			path = Models;
			sourceTree = "<group>";
		};
		4E21067D2C9B6B84006215F9 /* Views */ = {
			isa = PBXGroup;
			children = (
				4E713F482C9F4DE9002B8550 /* MealList */,
				4E713F462C9F4DD6002B8550 /* MealDetail */,
			);
			path = Views;
			sourceTree = "<group>";
		};
		4E2106812C9B6C37006215F9 /* Models */ = {
			isa = PBXGroup;
			children = (
				4E2106822C9B6C4E006215F9 /* PreviewMeal.swift */,
				4E21068B2C9B9A09006215F9 /* PreviewMealListItem.swift */,
			);
			path = Models;
			sourceTree = "<group>";
		};
		4E2106912C9C6BBB006215F9 /* Services */ = {
			isa = PBXGroup;
			children = (
				4E2106922C9C6BDE006215F9 /* MealService.swift */,
			);
			path = Services;
			sourceTree = "<group>";
		};
		4E27C83C2CA082C90024DEE1 /* Services */ = {
			isa = PBXGroup;
			children = (
				4E27C83D2CA082D90024DEE1 /* MealServiceTests.swift */,
			);
			path = Services;
			sourceTree = "<group>";
		};
		4E27C83F2CA0BBD50024DEE1 /* Mocks */ = {
			isa = PBXGroup;
			children = (
				4E27C8402CA0BBDF0024DEE1 /* MockNetworkClient.swift */,
				4E27C84C2CA0C0F00024DEE1 /* MockMealService.swift */,
			);
			path = Mocks;
			sourceTree = "<group>";
		};
		4E27C8442CA0C07B0024DEE1 /* Endpoints */ = {
			isa = PBXGroup;
			children = (
				4E27C8422CA0C0780024DEE1 /* MealDBEndpointTests.swift */,
			);
			path = Endpoints;
			sourceTree = "<group>";
		};
		4E27C8452CA0C0AE0024DEE1 /* Views */ = {
			isa = PBXGroup;
			children = (
				4E27C8472CA0C0C40024DEE1 /* MealDetail */,
				4E27C8462CA0C0BC0024DEE1 /* MealList */,
			);
			path = Views;
			sourceTree = "<group>";
		};
		4E27C8462CA0C0BC0024DEE1 /* MealList */ = {
			isa = PBXGroup;
			children = (
				4E27C84A2CA0C0DD0024DEE1 /* MealListViewModelTests.swift */,
			);
			name = MealList;
			sourceTree = "<group>";
		};
		4E27C8472CA0C0C40024DEE1 /* MealDetail */ = {
			isa = PBXGroup;
			children = (
				4E27C8482CA0C0D20024DEE1 /* MealDetailViewModelTests.swift */,
			);
			name = MealDetail;
			sourceTree = "<group>";
		};
		4E27C8502CA0C7F70024DEE1 /* Stubs */ = {
			isa = PBXGroup;
			children = (
				4E27C8512CA0C8080024DEE1 /* StubError.swift */,
				4E27C8532CA0D3680024DEE1 /* StubMeal.swift */,
				4E27C8552CA0D3A00024DEE1 /* StubMealListItem.swift */,
			);
			path = Stubs;
			sourceTree = "<group>";
		};
		4E713F3E2C9DF80A002B8550 /* Endpoints */ = {
			isa = PBXGroup;
			children = (
				4E713F3F2C9DF814002B8550 /* MealDBEndpoint.swift */,
			);
			path = Endpoints;
			sourceTree = "<group>";
		};
		4E713F462C9F4DD6002B8550 /* MealDetail */ = {
			isa = PBXGroup;
			children = (
				4E21067E2C9B6BA1006215F9 /* MealDetail.swift */,
				4E713F4B2C9F4E01002B8550 /* MealDetailViewModel.swift */,
			);
			name = MealDetail;
			sourceTree = "<group>";
		};
		4E713F482C9F4DE9002B8550 /* MealList */ = {
			isa = PBXGroup;
			children = (
				4E2106842C9B6D81006215F9 /* MealList.swift */,
				4E713F492C9F4DF8002B8550 /* MealListViewModel.swift */,
			);
			name = MealList;
			sourceTree = "<group>";
		};
/* End PBXGroup section */

/* Begin PBXNativeTarget section */
		4E2106422C98DB3F006215F9 /* Cookbook */ = {
			isa = PBXNativeTarget;
			buildConfigurationList = 4E2106672C98DB41006215F9 /* Build configuration list for PBXNativeTarget "Cookbook" */;
			buildPhases = (
				4E21063F2C98DB3F006215F9 /* Sources */,
				4E2106402C98DB3F006215F9 /* Frameworks */,
				4E2106412C98DB3F006215F9 /* Resources */,
			);
			buildRules = (
			);
			dependencies = (
			);
			name = Cookbook;
			productName = Cookbook;
			productReference = 4E2106432C98DB3F006215F9 /* Cookbook.app */;
			productType = "com.apple.product-type.application";
		};
		4E2106522C98DB41006215F9 /* CookbookTests */ = {
			isa = PBXNativeTarget;
			buildConfigurationList = 4E21066A2C98DB41006215F9 /* Build configuration list for PBXNativeTarget "CookbookTests" */;
			buildPhases = (
				4E21064F2C98DB41006215F9 /* Sources */,
				4E2106502C98DB41006215F9 /* Frameworks */,
				4E2106512C98DB41006215F9 /* Resources */,
			);
			buildRules = (
			);
			dependencies = (
				4E2106552C98DB41006215F9 /* PBXTargetDependency */,
			);
			name = CookbookTests;
			productName = CookbookTests;
			productReference = 4E2106532C98DB41006215F9 /* CookbookTests.xctest */;
			productType = "com.apple.product-type.bundle.unit-test";
		};
		4E21065C2C98DB41006215F9 /* CookbookUITests */ = {
			isa = PBXNativeTarget;
			buildConfigurationList = 4E21066D2C98DB41006215F9 /* Build configuration list for PBXNativeTarget "CookbookUITests" */;
			buildPhases = (
				4E2106592C98DB41006215F9 /* Sources */,
				4E21065A2C98DB41006215F9 /* Frameworks */,
				4E21065B2C98DB41006215F9 /* Resources */,
			);
			buildRules = (
			);
			dependencies = (
				4E21065F2C98DB41006215F9 /* PBXTargetDependency */,
			);
			name = CookbookUITests;
			productName = CookbookUITests;
			productReference = 4E21065D2C98DB41006215F9 /* CookbookUITests.xctest */;
			productType = "com.apple.product-type.bundle.ui-testing";
		};
/* End PBXNativeTarget section */

/* Begin PBXProject section */
		4E21063B2C98DB3F006215F9 /* Project object */ = {
			isa = PBXProject;
			attributes = {
				BuildIndependentTargetsInParallel = 1;
				LastSwiftUpdateCheck = 1420;
				LastUpgradeCheck = 1420;
				TargetAttributes = {
					4E2106422C98DB3F006215F9 = {
						CreatedOnToolsVersion = 14.2;
					};
					4E2106522C98DB41006215F9 = {
						CreatedOnToolsVersion = 14.2;
						TestTargetID = 4E2106422C98DB3F006215F9;
					};
					4E21065C2C98DB41006215F9 = {
						CreatedOnToolsVersion = 14.2;
						TestTargetID = 4E2106422C98DB3F006215F9;
					};
				};
			};
			buildConfigurationList = 4E21063E2C98DB3F006215F9 /* Build configuration list for PBXProject "Cookbook" */;
			compatibilityVersion = "Xcode 14.0";
			developmentRegion = en;
			hasScannedForEncodings = 0;
			knownRegions = (
				en,
				Base,
			);
			mainGroup = 4E21063A2C98DB3F006215F9;
			productRefGroup = 4E2106442C98DB3F006215F9 /* Products */;
			projectDirPath = "";
			projectRoot = "";
			targets = (
				4E2106422C98DB3F006215F9 /* Cookbook */,
				4E2106522C98DB41006215F9 /* CookbookTests */,
				4E21065C2C98DB41006215F9 /* CookbookUITests */,
			);
		};
/* End PBXProject section */

/* Begin PBXResourcesBuildPhase section */
		4E2106412C98DB3F006215F9 /* Resources */ = {
			isa = PBXResourcesBuildPhase;
			buildActionMask = 2147483647;
			files = (
				4E21064E2C98DB41006215F9 /* Preview Assets.xcassets in Resources */,
				4E21064B2C98DB41006215F9 /* Assets.xcassets in Resources */,
			);
			runOnlyForDeploymentPostprocessing = 0;
		};
		4E2106512C98DB41006215F9 /* Resources */ = {
			isa = PBXResourcesBuildPhase;
			buildActionMask = 2147483647;
			files = (
			);
			runOnlyForDeploymentPostprocessing = 0;
		};
		4E21065B2C98DB41006215F9 /* Resources */ = {
			isa = PBXResourcesBuildPhase;
			buildActionMask = 2147483647;
			files = (
			);
			runOnlyForDeploymentPostprocessing = 0;
		};
/* End PBXResourcesBuildPhase section */

/* Begin PBXSourcesBuildPhase section */
		4E21063F2C98DB3F006215F9 /* Sources */ = {
			isa = PBXSourcesBuildPhase;
			buildActionMask = 2147483647;
			files = (
				4E2106872C9B6F5C006215F9 /* MealListItem.swift in Sources */,
				4E2106772C9B190E006215F9 /* MealDTO.swift in Sources */,
				4E2106492C98DB3F006215F9 /* ContentView.swift in Sources */,
				4E21067F2C9B6BA1006215F9 /* MealDetail.swift in Sources */,
				4E2106852C9B6D81006215F9 /* MealList.swift in Sources */,
				4E21067C2C9B6A3A006215F9 /* Meal.swift in Sources */,
				4E2106932C9C6BDE006215F9 /* MealService.swift in Sources */,
				4E713F4C2C9F4E01002B8550 /* MealDetailViewModel.swift in Sources */,
				4E21068C2C9B9A09006215F9 /* PreviewMealListItem.swift in Sources */,
				4E2106832C9B6C4E006215F9 /* PreviewMeal.swift in Sources */,
				4E2106472C98DB3F006215F9 /* CookbookApp.swift in Sources */,
				4E713F402C9DF814002B8550 /* MealDBEndpoint.swift in Sources */,
				4E2106742C9B1692006215F9 /* NetworkClient.swift in Sources */,
				4E2106792C9B1A4C006215F9 /* MealDetailDTO.swift in Sources */,
				4E713F4E2CA060D6002B8550 /* MealCategory.swift in Sources */,
				4E713F4A2C9F4DF8002B8550 /* MealListViewModel.swift in Sources */,
			);
			runOnlyForDeploymentPostprocessing = 0;
		};
		4E21064F2C98DB41006215F9 /* Sources */ = {
			isa = PBXSourcesBuildPhase;
			buildActionMask = 2147483647;
			files = (
				4E27C84D2CA0C0F00024DEE1 /* MockMealService.swift in Sources */,
				4E27C8522CA0C8080024DEE1 /* StubError.swift in Sources */,
				4E27C83E2CA082D90024DEE1 /* MealServiceTests.swift in Sources */,
				4E27C84B2CA0C0DD0024DEE1 /* MealListViewModelTests.swift in Sources */,
				4E27C8432CA0C0780024DEE1 /* MealDBEndpointTests.swift in Sources */,
				4E27C8562CA0D3A00024DEE1 /* StubMealListItem.swift in Sources */,
				4E27C8492CA0C0D20024DEE1 /* MealDetailViewModelTests.swift in Sources */,
				4E27C8542CA0D3680024DEE1 /* StubMeal.swift in Sources */,
				4E27C8412CA0BBDF0024DEE1 /* MockNetworkClient.swift in Sources */,
			);
			runOnlyForDeploymentPostprocessing = 0;
		};
		4E2106592C98DB41006215F9 /* Sources */ = {
			isa = PBXSourcesBuildPhase;
			buildActionMask = 2147483647;
			files = (
				4E2106642C98DB41006215F9 /* CookbookUITestsLaunchTests.swift in Sources */,
				4E2106622C98DB41006215F9 /* CookbookUITests.swift in Sources */,
			);
			runOnlyForDeploymentPostprocessing = 0;
		};
/* End PBXSourcesBuildPhase section */

/* Begin PBXTargetDependency section */
		4E2106552C98DB41006215F9 /* PBXTargetDependency */ = {
			isa = PBXTargetDependency;
			target = 4E2106422C98DB3F006215F9 /* Cookbook */;
			targetProxy = 4E2106542C98DB41006215F9 /* PBXContainerItemProxy */;
		};
		4E21065F2C98DB41006215F9 /* PBXTargetDependency */ = {
			isa = PBXTargetDependency;
			target = 4E2106422C98DB3F006215F9 /* Cookbook */;
			targetProxy = 4E21065E2C98DB41006215F9 /* PBXContainerItemProxy */;
		};
/* End PBXTargetDependency section */

/* Begin XCBuildConfiguration section */
		4E2106652C98DB41006215F9 /* Debug */ = {
			isa = XCBuildConfiguration;
			buildSettings = {
				ALWAYS_SEARCH_USER_PATHS = NO;
				CLANG_ANALYZER_NONNULL = YES;
				CLANG_ANALYZER_NUMBER_OBJECT_CONVERSION = YES_AGGRESSIVE;
				CLANG_CXX_LANGUAGE_STANDARD = "gnu++20";
				CLANG_ENABLE_MODULES = YES;
				CLANG_ENABLE_OBJC_ARC = YES;
				CLANG_ENABLE_OBJC_WEAK = YES;
				CLANG_WARN_BLOCK_CAPTURE_AUTORELEASING = YES;
				CLANG_WARN_BOOL_CONVERSION = YES;
				CLANG_WARN_COMMA = YES;
				CLANG_WARN_CONSTANT_CONVERSION = YES;
				CLANG_WARN_DEPRECATED_OBJC_IMPLEMENTATIONS = YES;
				CLANG_WARN_DIRECT_OBJC_ISA_USAGE = YES_ERROR;
				CLANG_WARN_DOCUMENTATION_COMMENTS = YES;
				CLANG_WARN_EMPTY_BODY = YES;
				CLANG_WARN_ENUM_CONVERSION = YES;
				CLANG_WARN_INFINITE_RECURSION = YES;
				CLANG_WARN_INT_CONVERSION = YES;
				CLANG_WARN_NON_LITERAL_NULL_CONVERSION = YES;
				CLANG_WARN_OBJC_IMPLICIT_RETAIN_SELF = YES;
				CLANG_WARN_OBJC_LITERAL_CONVERSION = YES;
				CLANG_WARN_OBJC_ROOT_CLASS = YES_ERROR;
				CLANG_WARN_QUOTED_INCLUDE_IN_FRAMEWORK_HEADER = YES;
				CLANG_WARN_RANGE_LOOP_ANALYSIS = YES;
				CLANG_WARN_STRICT_PROTOTYPES = YES;
				CLANG_WARN_SUSPICIOUS_MOVE = YES;
				CLANG_WARN_UNGUARDED_AVAILABILITY = YES_AGGRESSIVE;
				CLANG_WARN_UNREACHABLE_CODE = YES;
				CLANG_WARN__DUPLICATE_METHOD_MATCH = YES;
				COPY_PHASE_STRIP = NO;
				DEBUG_INFORMATION_FORMAT = dwarf;
				ENABLE_STRICT_OBJC_MSGSEND = YES;
				ENABLE_TESTABILITY = YES;
				GCC_C_LANGUAGE_STANDARD = gnu11;
				GCC_DYNAMIC_NO_PIC = NO;
				GCC_NO_COMMON_BLOCKS = YES;
				GCC_OPTIMIZATION_LEVEL = 0;
				GCC_PREPROCESSOR_DEFINITIONS = (
					"DEBUG=1",
					"$(inherited)",
				);
				GCC_WARN_64_TO_32_BIT_CONVERSION = YES;
				GCC_WARN_ABOUT_RETURN_TYPE = YES_ERROR;
				GCC_WARN_UNDECLARED_SELECTOR = YES;
				GCC_WARN_UNINITIALIZED_AUTOS = YES_AGGRESSIVE;
				GCC_WARN_UNUSED_FUNCTION = YES;
				GCC_WARN_UNUSED_VARIABLE = YES;
				IPHONEOS_DEPLOYMENT_TARGET = 16.2;
				MTL_ENABLE_DEBUG_INFO = INCLUDE_SOURCE;
				MTL_FAST_MATH = YES;
				ONLY_ACTIVE_ARCH = YES;
				SDKROOT = iphoneos;
				SWIFT_ACTIVE_COMPILATION_CONDITIONS = DEBUG;
				SWIFT_OPTIMIZATION_LEVEL = "-Onone";
			};
			name = Debug;
		};
		4E2106662C98DB41006215F9 /* Release */ = {
			isa = XCBuildConfiguration;
			buildSettings = {
				ALWAYS_SEARCH_USER_PATHS = NO;
				CLANG_ANALYZER_NONNULL = YES;
				CLANG_ANALYZER_NUMBER_OBJECT_CONVERSION = YES_AGGRESSIVE;
				CLANG_CXX_LANGUAGE_STANDARD = "gnu++20";
				CLANG_ENABLE_MODULES = YES;
				CLANG_ENABLE_OBJC_ARC = YES;
				CLANG_ENABLE_OBJC_WEAK = YES;
				CLANG_WARN_BLOCK_CAPTURE_AUTORELEASING = YES;
				CLANG_WARN_BOOL_CONVERSION = YES;
				CLANG_WARN_COMMA = YES;
				CLANG_WARN_CONSTANT_CONVERSION = YES;
				CLANG_WARN_DEPRECATED_OBJC_IMPLEMENTATIONS = YES;
				CLANG_WARN_DIRECT_OBJC_ISA_USAGE = YES_ERROR;
				CLANG_WARN_DOCUMENTATION_COMMENTS = YES;
				CLANG_WARN_EMPTY_BODY = YES;
				CLANG_WARN_ENUM_CONVERSION = YES;
				CLANG_WARN_INFINITE_RECURSION = YES;
				CLANG_WARN_INT_CONVERSION = YES;
				CLANG_WARN_NON_LITERAL_NULL_CONVERSION = YES;
				CLANG_WARN_OBJC_IMPLICIT_RETAIN_SELF = YES;
				CLANG_WARN_OBJC_LITERAL_CONVERSION = YES;
				CLANG_WARN_OBJC_ROOT_CLASS = YES_ERROR;
				CLANG_WARN_QUOTED_INCLUDE_IN_FRAMEWORK_HEADER = YES;
				CLANG_WARN_RANGE_LOOP_ANALYSIS = YES;
				CLANG_WARN_STRICT_PROTOTYPES = YES;
				CLANG_WARN_SUSPICIOUS_MOVE = YES;
				CLANG_WARN_UNGUARDED_AVAILABILITY = YES_AGGRESSIVE;
				CLANG_WARN_UNREACHABLE_CODE = YES;
				CLANG_WARN__DUPLICATE_METHOD_MATCH = YES;
				COPY_PHASE_STRIP = NO;
				DEBUG_INFORMATION_FORMAT = "dwarf-with-dsym";
				ENABLE_NS_ASSERTIONS = NO;
				ENABLE_STRICT_OBJC_MSGSEND = YES;
				GCC_C_LANGUAGE_STANDARD = gnu11;
				GCC_NO_COMMON_BLOCKS = YES;
				GCC_WARN_64_TO_32_BIT_CONVERSION = YES;
				GCC_WARN_ABOUT_RETURN_TYPE = YES_ERROR;
				GCC_WARN_UNDECLARED_SELECTOR = YES;
				GCC_WARN_UNINITIALIZED_AUTOS = YES_AGGRESSIVE;
				GCC_WARN_UNUSED_FUNCTION = YES;
				GCC_WARN_UNUSED_VARIABLE = YES;
				IPHONEOS_DEPLOYMENT_TARGET = 16.2;
				MTL_ENABLE_DEBUG_INFO = NO;
				MTL_FAST_MATH = YES;
				SDKROOT = iphoneos;
				SWIFT_COMPILATION_MODE = wholemodule;
				SWIFT_OPTIMIZATION_LEVEL = "-O";
				VALIDATE_PRODUCT = YES;
			};
			name = Release;
		};
		4E2106682C98DB41006215F9 /* Debug */ = {
			isa = XCBuildConfiguration;
			buildSettings = {
				ASSETCATALOG_COMPILER_APPICON_NAME = AppIcon;
				ASSETCATALOG_COMPILER_GLOBAL_ACCENT_COLOR_NAME = AccentColor;
				CODE_SIGN_STYLE = Automatic;
				CURRENT_PROJECT_VERSION = 1;
				DEVELOPMENT_ASSET_PATHS = "\"Cookbook/Preview Content\"";
				DEVELOPMENT_TEAM = QQP3BZZ879;
				ENABLE_PREVIEWS = YES;
				GENERATE_INFOPLIST_FILE = YES;
				INFOPLIST_KEY_UIApplicationSceneManifest_Generation = YES;
				INFOPLIST_KEY_UIApplicationSupportsIndirectInputEvents = YES;
				INFOPLIST_KEY_UILaunchScreen_Generation = YES;
				INFOPLIST_KEY_UISupportedInterfaceOrientations_iPad = "UIInterfaceOrientationPortrait UIInterfaceOrientationPortraitUpsideDown UIInterfaceOrientationLandscapeLeft UIInterfaceOrientationLandscapeRight";
				INFOPLIST_KEY_UISupportedInterfaceOrientations_iPhone = "UIInterfaceOrientationPortrait UIInterfaceOrientationLandscapeLeft UIInterfaceOrientationLandscapeRight";
				IPHONEOS_DEPLOYMENT_TARGET = 15.0;
				LD_RUNPATH_SEARCH_PATHS = (
					"$(inherited)",
					"@executable_path/Frameworks",
				);
				MARKETING_VERSION = 1.0;
				PRODUCT_BUNDLE_IDENTIFIER = com.chandlergriffin.Cookbook;
				PRODUCT_NAME = "$(TARGET_NAME)";
				SUPPORTED_PLATFORMS = "iphoneos iphonesimulator";
				SUPPORTS_MACCATALYST = NO;
				SUPPORTS_MAC_DESIGNED_FOR_IPHONE_IPAD = NO;
				SWIFT_EMIT_LOC_STRINGS = YES;
				SWIFT_VERSION = 5.0;
				TARGETED_DEVICE_FAMILY = "1,2";
			};
			name = Debug;
		};
		4E2106692C98DB41006215F9 /* Release */ = {
			isa = XCBuildConfiguration;
			buildSettings = {
				ASSETCATALOG_COMPILER_APPICON_NAME = AppIcon;
				ASSETCATALOG_COMPILER_GLOBAL_ACCENT_COLOR_NAME = AccentColor;
				CODE_SIGN_STYLE = Automatic;
				CURRENT_PROJECT_VERSION = 1;
				DEVELOPMENT_ASSET_PATHS = "\"Cookbook/Preview Content\"";
				DEVELOPMENT_TEAM = QQP3BZZ879;
				ENABLE_PREVIEWS = YES;
				GENERATE_INFOPLIST_FILE = YES;
				INFOPLIST_KEY_UIApplicationSceneManifest_Generation = YES;
				INFOPLIST_KEY_UIApplicationSupportsIndirectInputEvents = YES;
				INFOPLIST_KEY_UILaunchScreen_Generation = YES;
				INFOPLIST_KEY_UISupportedInterfaceOrientations_iPad = "UIInterfaceOrientationPortrait UIInterfaceOrientationPortraitUpsideDown UIInterfaceOrientationLandscapeLeft UIInterfaceOrientationLandscapeRight";
				INFOPLIST_KEY_UISupportedInterfaceOrientations_iPhone = "UIInterfaceOrientationPortrait UIInterfaceOrientationLandscapeLeft UIInterfaceOrientationLandscapeRight";
				IPHONEOS_DEPLOYMENT_TARGET = 15.0;
				LD_RUNPATH_SEARCH_PATHS = (
					"$(inherited)",
					"@executable_path/Frameworks",
				);
				MARKETING_VERSION = 1.0;
				PRODUCT_BUNDLE_IDENTIFIER = com.chandlergriffin.Cookbook;
				PRODUCT_NAME = "$(TARGET_NAME)";
				SUPPORTED_PLATFORMS = "iphoneos iphonesimulator";
				SUPPORTS_MACCATALYST = NO;
				SUPPORTS_MAC_DESIGNED_FOR_IPHONE_IPAD = NO;
				SWIFT_EMIT_LOC_STRINGS = YES;
				SWIFT_VERSION = 5.0;
				TARGETED_DEVICE_FAMILY = "1,2";
			};
			name = Release;
		};
		4E21066B2C98DB41006215F9 /* Debug */ = {
			isa = XCBuildConfiguration;
			buildSettings = {
				ALWAYS_EMBED_SWIFT_STANDARD_LIBRARIES = YES;
				BUNDLE_LOADER = "$(TEST_HOST)";
				CODE_SIGN_STYLE = Automatic;
				CURRENT_PROJECT_VERSION = 1;
				DEVELOPMENT_TEAM = QQP3BZZ879;
				GENERATE_INFOPLIST_FILE = YES;
				IPHONEOS_DEPLOYMENT_TARGET = 16.2;
				MARKETING_VERSION = 1.0;
				PRODUCT_BUNDLE_IDENTIFIER = com.chandlergriffin.CookbookTests;
				PRODUCT_NAME = "$(TARGET_NAME)";
				SWIFT_EMIT_LOC_STRINGS = NO;
				SWIFT_VERSION = 5.0;
				TARGETED_DEVICE_FAMILY = "1,2";
				TEST_HOST = "$(BUILT_PRODUCTS_DIR)/Cookbook.app/$(BUNDLE_EXECUTABLE_FOLDER_PATH)/Cookbook";
			};
			name = Debug;
		};
		4E21066C2C98DB41006215F9 /* Release */ = {
			isa = XCBuildConfiguration;
			buildSettings = {
				ALWAYS_EMBED_SWIFT_STANDARD_LIBRARIES = YES;
				BUNDLE_LOADER = "$(TEST_HOST)";
				CODE_SIGN_STYLE = Automatic;
				CURRENT_PROJECT_VERSION = 1;
				DEVELOPMENT_TEAM = QQP3BZZ879;
				GENERATE_INFOPLIST_FILE = YES;
				IPHONEOS_DEPLOYMENT_TARGET = 16.2;
				MARKETING_VERSION = 1.0;
				PRODUCT_BUNDLE_IDENTIFIER = com.chandlergriffin.CookbookTests;
				PRODUCT_NAME = "$(TARGET_NAME)";
				SWIFT_EMIT_LOC_STRINGS = NO;
				SWIFT_VERSION = 5.0;
				TARGETED_DEVICE_FAMILY = "1,2";
				TEST_HOST = "$(BUILT_PRODUCTS_DIR)/Cookbook.app/$(BUNDLE_EXECUTABLE_FOLDER_PATH)/Cookbook";
			};
			name = Release;
		};
		4E21066E2C98DB41006215F9 /* Debug */ = {
			isa = XCBuildConfiguration;
			buildSettings = {
				ALWAYS_EMBED_SWIFT_STANDARD_LIBRARIES = YES;
				CODE_SIGN_STYLE = Automatic;
				CURRENT_PROJECT_VERSION = 1;
				DEVELOPMENT_TEAM = QQP3BZZ879;
				GENERATE_INFOPLIST_FILE = YES;
				MARKETING_VERSION = 1.0;
				PRODUCT_BUNDLE_IDENTIFIER = com.chandlergriffin.CookbookUITests;
				PRODUCT_NAME = "$(TARGET_NAME)";
				SWIFT_EMIT_LOC_STRINGS = NO;
				SWIFT_VERSION = 5.0;
				TARGETED_DEVICE_FAMILY = "1,2";
				TEST_TARGET_NAME = Cookbook;
			};
			name = Debug;
		};
		4E21066F2C98DB41006215F9 /* Release */ = {
			isa = XCBuildConfiguration;
			buildSettings = {
				ALWAYS_EMBED_SWIFT_STANDARD_LIBRARIES = YES;
				CODE_SIGN_STYLE = Automatic;
				CURRENT_PROJECT_VERSION = 1;
				DEVELOPMENT_TEAM = QQP3BZZ879;
				GENERATE_INFOPLIST_FILE = YES;
				MARKETING_VERSION = 1.0;
				PRODUCT_BUNDLE_IDENTIFIER = com.chandlergriffin.CookbookUITests;
				PRODUCT_NAME = "$(TARGET_NAME)";
				SWIFT_EMIT_LOC_STRINGS = NO;
				SWIFT_VERSION = 5.0;
				TARGETED_DEVICE_FAMILY = "1,2";
				TEST_TARGET_NAME = Cookbook;
			};
			name = Release;
		};
/* End XCBuildConfiguration section */

/* Begin XCConfigurationList section */
		4E21063E2C98DB3F006215F9 /* Build configuration list for PBXProject "Cookbook" */ = {
			isa = XCConfigurationList;
			buildConfigurations = (
				4E2106652C98DB41006215F9 /* Debug */,
				4E2106662C98DB41006215F9 /* Release */,
			);
			defaultConfigurationIsVisible = 0;
			defaultConfigurationName = Release;
		};
		4E2106672C98DB41006215F9 /* Build configuration list for PBXNativeTarget "Cookbook" */ = {
			isa = XCConfigurationList;
			buildConfigurations = (
				4E2106682C98DB41006215F9 /* Debug */,
				4E2106692C98DB41006215F9 /* Release */,
			);
			defaultConfigurationIsVisible = 0;
			defaultConfigurationName = Release;
		};
		4E21066A2C98DB41006215F9 /* Build configuration list for PBXNativeTarget "CookbookTests" */ = {
			isa = XCConfigurationList;
			buildConfigurations = (
				4E21066B2C98DB41006215F9 /* Debug */,
				4E21066C2C98DB41006215F9 /* Release */,
			);
			defaultConfigurationIsVisible = 0;
			defaultConfigurationName = Release;
		};
		4E21066D2C98DB41006215F9 /* Build configuration list for PBXNativeTarget "CookbookUITests" */ = {
			isa = XCConfigurationList;
			buildConfigurations = (
				4E21066E2C98DB41006215F9 /* Debug */,
				4E21066F2C98DB41006215F9 /* Release */,
			);
			defaultConfigurationIsVisible = 0;
			defaultConfigurationName = Release;
		};
/* End XCConfigurationList section */
	};
	rootObject = 4E21063B2C98DB3F006215F9 /* Project object */;
}
